// !$*UTF8*$!
{
	archiveVersion = 1;
	classes = {
	};
	objectVersion = 77;
	objects = {

/* Begin PBXBuildFile section */
		63562C112DA15DB600137EFA /* gym tracker Watch App.app in Embed Watch Content */ = {isa = PBXBuildFile; fileRef = 63562C102DA15DB600137EFA /* gym tracker Watch App.app */; settings = {ATTRIBUTES = (RemoveHeadersOnCopy, ); }; };
		63E7959B2DA1F7EA00595310 /* Apollo in Frameworks */ = {isa = PBXBuildFile; productRef = 63E7959A2DA1F7EA00595310 /* Apollo */; };
		63E7959D2DA1F7EA00595310 /* ApolloWebSocket in Frameworks */ = {isa = PBXBuildFile; productRef = 63E7959C2DA1F7EA00595310 /* ApolloWebSocket */; };
/* End PBXBuildFile section */

/* Begin PBXContainerItemProxy section */
		63562C122DA15DB600137EFA /* PBXContainerItemProxy */ = {
			isa = PBXContainerItemProxy;
			containerPortal = 63562C042DA15DB600137EFA /* Project object */;
			proxyType = 1;
			remoteGlobalIDString = 63562C0F2DA15DB600137EFA;
			remoteInfo = "gym tracker Watch App";
		};
		63562C232DA15DB800137EFA /* PBXContainerItemProxy */ = {
			isa = PBXContainerItemProxy;
			containerPortal = 63562C042DA15DB600137EFA /* Project object */;
			proxyType = 1;
			remoteGlobalIDString = 63562C0F2DA15DB600137EFA;
			remoteInfo = "gym tracker Watch App";
		};
		63562C2D2DA15DB800137EFA /* PBXContainerItemProxy */ = {
			isa = PBXContainerItemProxy;
			containerPortal = 63562C042DA15DB600137EFA /* Project object */;
			proxyType = 1;
			remoteGlobalIDString = 63562C0F2DA15DB600137EFA;
			remoteInfo = "gym tracker Watch App";
		};
/* End PBXContainerItemProxy section */

/* Begin PBXCopyFilesBuildPhase section */
		63562C392DA15DB800137EFA /* Embed Watch Content */ = {
			isa = PBXCopyFilesBuildPhase;
			buildActionMask = 2147483647;
			dstPath = "$(CONTENTS_FOLDER_PATH)/Watch";
			dstSubfolderSpec = 16;
			files = (
				63562C112DA15DB600137EFA /* gym tracker Watch App.app in Embed Watch Content */,
			);
			name = "Embed Watch Content";
			runOnlyForDeploymentPostprocessing = 0;
		};
/* End PBXCopyFilesBuildPhase section */

/* Begin PBXFileReference section */
		63562C0A2DA15DB600137EFA /* gym tracker.app */ = {isa = PBXFileReference; explicitFileType = wrapper.application; includeInIndex = 0; path = "gym tracker.app"; sourceTree = BUILT_PRODUCTS_DIR; };
		63562C102DA15DB600137EFA /* gym tracker Watch App.app */ = {isa = PBXFileReference; explicitFileType = wrapper.application; includeInIndex = 0; path = "gym tracker Watch App.app"; sourceTree = BUILT_PRODUCTS_DIR; };
		63562C222DA15DB800137EFA /* gym tracker Watch AppTests.xctest */ = {isa = PBXFileReference; explicitFileType = wrapper.cfbundle; includeInIndex = 0; path = "gym tracker Watch AppTests.xctest"; sourceTree = BUILT_PRODUCTS_DIR; };
		63562C2C2DA15DB800137EFA /* gym tracker Watch AppUITests.xctest */ = {isa = PBXFileReference; explicitFileType = wrapper.cfbundle; includeInIndex = 0; path = "gym tracker Watch AppUITests.xctest"; sourceTree = BUILT_PRODUCTS_DIR; };
/* End PBXFileReference section */

/* Begin PBXFileSystemSynchronizedBuildFileExceptionSet section */
		631F4B142DA32357007F4B6A /* Exceptions for "gym tracker Watch App" folder in "gym tracker Watch App" target */ = {
			isa = PBXFileSystemSynchronizedBuildFileExceptionSet;
			membershipExceptions = (
				Info.plist,
			);
			target = 63562C0F2DA15DB600137EFA /* gym tracker Watch App */;
		};
/* End PBXFileSystemSynchronizedBuildFileExceptionSet section */

/* Begin PBXFileSystemSynchronizedRootGroup section */
		63562C142DA15DB600137EFA /* gym tracker Watch App */ = {
			isa = PBXFileSystemSynchronizedRootGroup;
			exceptions = (
				631F4B142DA32357007F4B6A /* Exceptions for "gym tracker Watch App" folder in "gym tracker Watch App" target */,
			);
			path = "gym tracker Watch App";
			sourceTree = "<group>";
		};
		63562C252DA15DB800137EFA /* gym tracker Watch AppTests */ = {
			isa = PBXFileSystemSynchronizedRootGroup;
			path = "gym tracker Watch AppTests";
			sourceTree = "<group>";
		};
		63562C2F2DA15DB800137EFA /* gym tracker Watch AppUITests */ = {
			isa = PBXFileSystemSynchronizedRootGroup;
			path = "gym tracker Watch AppUITests";
			sourceTree = "<group>";
		};
/* End PBXFileSystemSynchronizedRootGroup section */

/* Begin PBXFrameworksBuildPhase section */
		63562C0D2DA15DB600137EFA /* Frameworks */ = {
			isa = PBXFrameworksBuildPhase;
			buildActionMask = 2147483647;
			files = (
				63E7959B2DA1F7EA00595310 /* Apollo in Frameworks */,
				63E7959D2DA1F7EA00595310 /* ApolloWebSocket in Frameworks */,
			);
			runOnlyForDeploymentPostprocessing = 0;
		};
		63562C1F2DA15DB800137EFA /* Frameworks */ = {
			isa = PBXFrameworksBuildPhase;
			buildActionMask = 2147483647;
			files = (
			);
			runOnlyForDeploymentPostprocessing = 0;
		};
		63562C292DA15DB800137EFA /* Frameworks */ = {
			isa = PBXFrameworksBuildPhase;
			buildActionMask = 2147483647;
			files = (
			);
			runOnlyForDeploymentPostprocessing = 0;
		};
/* End PBXFrameworksBuildPhase section */

/* Begin PBXGroup section */
		63562C032DA15DB600137EFA = {
			isa = PBXGroup;
			children = (
				63562C142DA15DB600137EFA /* gym tracker Watch App */,
				63562C252DA15DB800137EFA /* gym tracker Watch AppTests */,
				63562C2F2DA15DB800137EFA /* gym tracker Watch AppUITests */,
				63562C0B2DA15DB600137EFA /* Products */,
			);
			sourceTree = "<group>";
		};
		63562C0B2DA15DB600137EFA /* Products */ = {
			isa = PBXGroup;
			children = (
				63562C0A2DA15DB600137EFA /* gym tracker.app */,
				63562C102DA15DB600137EFA /* gym tracker Watch App.app */,
				63562C222DA15DB800137EFA /* gym tracker Watch AppTests.xctest */,
				63562C2C2DA15DB800137EFA /* gym tracker Watch AppUITests.xctest */,
			);
			name = Products;
			sourceTree = "<group>";
		};
/* End PBXGroup section */

/* Begin PBXNativeTarget section */
		63562C092DA15DB600137EFA /* gym tracker */ = {
			isa = PBXNativeTarget;
			buildConfigurationList = 63562C3A2DA15DB800137EFA /* Build configuration list for PBXNativeTarget "gym tracker" */;
			buildPhases = (
				63562C082DA15DB600137EFA /* Resources */,
				63562C392DA15DB800137EFA /* Embed Watch Content */,
			);
			buildRules = (
			);
			dependencies = (
				63562C132DA15DB600137EFA /* PBXTargetDependency */,
			);
			name = "gym tracker";
			packageProductDependencies = (
			);
			productName = "gym tracker";
			productReference = 63562C0A2DA15DB600137EFA /* gym tracker.app */;
			productType = "com.apple.product-type.application.watchapp2-container";
		};
		63562C0F2DA15DB600137EFA /* gym tracker Watch App */ = {
			isa = PBXNativeTarget;
			buildConfigurationList = 63562C362DA15DB800137EFA /* Build configuration list for PBXNativeTarget "gym tracker Watch App" */;
			buildPhases = (
				63562C0C2DA15DB600137EFA /* Sources */,
				63562C0D2DA15DB600137EFA /* Frameworks */,
				63562C0E2DA15DB600137EFA /* Resources */,
			);
			buildRules = (
			);
			dependencies = (
			);
			fileSystemSynchronizedGroups = (
				63562C142DA15DB600137EFA /* gym tracker Watch App */,
			);
			name = "gym tracker Watch App";
			packageProductDependencies = (
				63E7959A2DA1F7EA00595310 /* Apollo */,
				63E7959C2DA1F7EA00595310 /* ApolloWebSocket */,
			);
			productName = "gym tracker Watch App";
			productReference = 63562C102DA15DB600137EFA /* gym tracker Watch App.app */;
			productType = "com.apple.product-type.application";
		};
		63562C212DA15DB800137EFA /* gym tracker Watch AppTests */ = {
			isa = PBXNativeTarget;
			buildConfigurationList = 63562C3D2DA15DB800137EFA /* Build configuration list for PBXNativeTarget "gym tracker Watch AppTests" */;
			buildPhases = (
				63562C1E2DA15DB800137EFA /* Sources */,
				63562C1F2DA15DB800137EFA /* Frameworks */,
				63562C202DA15DB800137EFA /* Resources */,
			);
			buildRules = (
			);
			dependencies = (
				63562C242DA15DB800137EFA /* PBXTargetDependency */,
			);
			fileSystemSynchronizedGroups = (
				63562C252DA15DB800137EFA /* gym tracker Watch AppTests */,
			);
			name = "gym tracker Watch AppTests";
			packageProductDependencies = (
			);
			productName = "gym tracker Watch AppTests";
			productReference = 63562C222DA15DB800137EFA /* gym tracker Watch AppTests.xctest */;
			productType = "com.apple.product-type.bundle.unit-test";
		};
		63562C2B2DA15DB800137EFA /* gym tracker Watch AppUITests */ = {
			isa = PBXNativeTarget;
			buildConfigurationList = 63562C402DA15DB800137EFA /* Build configuration list for PBXNativeTarget "gym tracker Watch AppUITests" */;
			buildPhases = (
				63562C282DA15DB800137EFA /* Sources */,
				63562C292DA15DB800137EFA /* Frameworks */,
				63562C2A2DA15DB800137EFA /* Resources */,
			);
			buildRules = (
			);
			dependencies = (
				63562C2E2DA15DB800137EFA /* PBXTargetDependency */,
			);
			fileSystemSynchronizedGroups = (
				63562C2F2DA15DB800137EFA /* gym tracker Watch AppUITests */,
			);
			name = "gym tracker Watch AppUITests";
			packageProductDependencies = (
			);
			productName = "gym tracker Watch AppUITests";
			productReference = 63562C2C2DA15DB800137EFA /* gym tracker Watch AppUITests.xctest */;
			productType = "com.apple.product-type.bundle.ui-testing";
		};
/* End PBXNativeTarget section */

/* Begin PBXProject section */
		63562C042DA15DB600137EFA /* Project object */ = {
			isa = PBXProject;
			attributes = {
				BuildIndependentTargetsInParallel = 1;
				LastSwiftUpdateCheck = 1620;
				LastUpgradeCheck = 1630;
				TargetAttributes = {
					63562C092DA15DB600137EFA = {
						CreatedOnToolsVersion = 16.2;
					};
					63562C0F2DA15DB600137EFA = {
						CreatedOnToolsVersion = 16.2;
					};
					63562C212DA15DB800137EFA = {
						CreatedOnToolsVersion = 16.2;
						TestTargetID = 63562C0F2DA15DB600137EFA;
					};
					63562C2B2DA15DB800137EFA = {
						CreatedOnToolsVersion = 16.2;
						TestTargetID = 63562C0F2DA15DB600137EFA;
					};
				};
			};
			buildConfigurationList = 63562C072DA15DB600137EFA /* Build configuration list for PBXProject "gym tracker" */;
			developmentRegion = en;
			hasScannedForEncodings = 0;
			knownRegions = (
				en,
				Base,
			);
			mainGroup = 63562C032DA15DB600137EFA;
			minimizedProjectReferenceProxies = 1;
			packageReferences = (
				63E795992DA1F7EA00595310 /* XCRemoteSwiftPackageReference "apollo-ios" */,
			);
			preferredProjectObjectVersion = 77;
			productRefGroup = 63562C0B2DA15DB600137EFA /* Products */;
			projectDirPath = "";
			projectRoot = "";
			targets = (
				63562C092DA15DB600137EFA /* gym tracker */,
				63562C0F2DA15DB600137EFA /* gym tracker Watch App */,
				63562C212DA15DB800137EFA /* gym tracker Watch AppTests */,
				63562C2B2DA15DB800137EFA /* gym tracker Watch AppUITests */,
			);
		};
/* End PBXProject section */

/* Begin PBXResourcesBuildPhase section */
		63562C082DA15DB600137EFA /* Resources */ = {
			isa = PBXResourcesBuildPhase;
			buildActionMask = 2147483647;
			files = (
			);
			runOnlyForDeploymentPostprocessing = 0;
		};
		63562C0E2DA15DB600137EFA /* Resources */ = {
			isa = PBXResourcesBuildPhase;
			buildActionMask = 2147483647;
			files = (
			);
			runOnlyForDeploymentPostprocessing = 0;
		};
		63562C202DA15DB800137EFA /* Resources */ = {
			isa = PBXResourcesBuildPhase;
			buildActionMask = 2147483647;
			files = (
			);
			runOnlyForDeploymentPostprocessing = 0;
		};
		63562C2A2DA15DB800137EFA /* Resources */ = {
			isa = PBXResourcesBuildPhase;
			buildActionMask = 2147483647;
			files = (
			);
			runOnlyForDeploymentPostprocessing = 0;
		};
/* End PBXResourcesBuildPhase section */

/* Begin PBXSourcesBuildPhase section */
		63562C0C2DA15DB600137EFA /* Sources */ = {
			isa = PBXSourcesBuildPhase;
			buildActionMask = 2147483647;
			files = (
			);
			runOnlyForDeploymentPostprocessing = 0;
		};
		63562C1E2DA15DB800137EFA /* Sources */ = {
			isa = PBXSourcesBuildPhase;
			buildActionMask = 2147483647;
			files = (
			);
			runOnlyForDeploymentPostprocessing = 0;
		};
		63562C282DA15DB800137EFA /* Sources */ = {
			isa = PBXSourcesBuildPhase;
			buildActionMask = 2147483647;
			files = (
			);
			runOnlyForDeploymentPostprocessing = 0;
		};
/* End PBXSourcesBuildPhase section */

/* Begin PBXTargetDependency section */
		63562C132DA15DB600137EFA /* PBXTargetDependency */ = {
			isa = PBXTargetDependency;
			target = 63562C0F2DA15DB600137EFA /* gym tracker Watch App */;
			targetProxy = 63562C122DA15DB600137EFA /* PBXContainerItemProxy */;
		};
		63562C242DA15DB800137EFA /* PBXTargetDependency */ = {
			isa = PBXTargetDependency;
			target = 63562C0F2DA15DB600137EFA /* gym tracker Watch App */;
			targetProxy = 63562C232DA15DB800137EFA /* PBXContainerItemProxy */;
		};
		63562C2E2DA15DB800137EFA /* PBXTargetDependency */ = {
			isa = PBXTargetDependency;
			target = 63562C0F2DA15DB600137EFA /* gym tracker Watch App */;
			targetProxy = 63562C2D2DA15DB800137EFA /* PBXContainerItemProxy */;
		};
/* End PBXTargetDependency section */

/* Begin XCBuildConfiguration section */
		63562C342DA15DB800137EFA /* Debug */ = {
			isa = XCBuildConfiguration;
			buildSettings = {
				ALWAYS_SEARCH_USER_PATHS = NO;
				ASSETCATALOG_COMPILER_GENERATE_SWIFT_ASSET_SYMBOL_EXTENSIONS = YES;
				CLANG_ANALYZER_NONNULL = YES;
				CLANG_ANALYZER_NUMBER_OBJECT_CONVERSION = YES_AGGRESSIVE;
				CLANG_CXX_LANGUAGE_STANDARD = "gnu++20";
				CLANG_ENABLE_MODULES = YES;
				CLANG_ENABLE_OBJC_ARC = YES;
				CLANG_ENABLE_OBJC_WEAK = YES;
				CLANG_WARN_BLOCK_CAPTURE_AUTORELEASING = YES;
				CLANG_WARN_BOOL_CONVERSION = YES;
				CLANG_WARN_COMMA = YES;
				CLANG_WARN_CONSTANT_CONVERSION = YES;
				CLANG_WARN_DEPRECATED_OBJC_IMPLEMENTATIONS = YES;
				CLANG_WARN_DIRECT_OBJC_ISA_USAGE = YES_ERROR;
				CLANG_WARN_DOCUMENTATION_COMMENTS = YES;
				CLANG_WARN_EMPTY_BODY = YES;
				CLANG_WARN_ENUM_CONVERSION = YES;
				CLANG_WARN_INFINITE_RECURSION = YES;
				CLANG_WARN_INT_CONVERSION = YES;
				CLANG_WARN_NON_LITERAL_NULL_CONVERSION = YES;
				CLANG_WARN_OBJC_IMPLICIT_RETAIN_SELF = YES;
				CLANG_WARN_OBJC_LITERAL_CONVERSION = YES;
				CLANG_WARN_OBJC_ROOT_CLASS = YES_ERROR;
				CLANG_WARN_QUOTED_INCLUDE_IN_FRAMEWORK_HEADER = YES;
				CLANG_WARN_RANGE_LOOP_ANALYSIS = YES;
				CLANG_WARN_STRICT_PROTOTYPES = YES;
				CLANG_WARN_SUSPICIOUS_MOVE = YES;
				CLANG_WARN_UNGUARDED_AVAILABILITY = YES_AGGRESSIVE;
				CLANG_WARN_UNREACHABLE_CODE = YES;
				CLANG_WARN__DUPLICATE_METHOD_MATCH = YES;
				COPY_PHASE_STRIP = NO;
				DEAD_CODE_STRIPPING = YES;
				DEBUG_INFORMATION_FORMAT = dwarf;
				DEVELOPMENT_TEAM = QQC6G8QVH5;
				ENABLE_STRICT_OBJC_MSGSEND = YES;
				ENABLE_TESTABILITY = YES;
				ENABLE_USER_SCRIPT_SANDBOXING = YES;
				GCC_C_LANGUAGE_STANDARD = gnu17;
				GCC_DYNAMIC_NO_PIC = NO;
				GCC_NO_COMMON_BLOCKS = YES;
				GCC_OPTIMIZATION_LEVEL = 0;
				GCC_PREPROCESSOR_DEFINITIONS = (
					"DEBUG=1",
					"$(inherited)",
				);
				GCC_WARN_64_TO_32_BIT_CONVERSION = YES;
				GCC_WARN_ABOUT_RETURN_TYPE = YES_ERROR;
				GCC_WARN_UNDECLARED_SELECTOR = YES;
				GCC_WARN_UNINITIALIZED_AUTOS = YES_AGGRESSIVE;
				GCC_WARN_UNUSED_FUNCTION = YES;
				GCC_WARN_UNUSED_VARIABLE = YES;
				LOCALIZATION_PREFERS_STRING_CATALOGS = YES;
				MTL_ENABLE_DEBUG_INFO = INCLUDE_SOURCE;
				MTL_FAST_MATH = YES;
				ONLY_ACTIVE_ARCH = YES;
				SWIFT_ACTIVE_COMPILATION_CONDITIONS = "DEBUG $(inherited)";
				SWIFT_OPTIMIZATION_LEVEL = "-Onone";
			};
			name = Debug;
		};
		63562C352DA15DB800137EFA /* Release */ = {
			isa = XCBuildConfiguration;
			buildSettings = {
				ALWAYS_SEARCH_USER_PATHS = NO;
				ASSETCATALOG_COMPILER_GENERATE_SWIFT_ASSET_SYMBOL_EXTENSIONS = YES;
				CLANG_ANALYZER_NONNULL = YES;
				CLANG_ANALYZER_NUMBER_OBJECT_CONVERSION = YES_AGGRESSIVE;
				CLANG_CXX_LANGUAGE_STANDARD = "gnu++20";
				CLANG_ENABLE_MODULES = YES;
				CLANG_ENABLE_OBJC_ARC = YES;
				CLANG_ENABLE_OBJC_WEAK = YES;
				CLANG_WARN_BLOCK_CAPTURE_AUTORELEASING = YES;
				CLANG_WARN_BOOL_CONVERSION = YES;
				CLANG_WARN_COMMA = YES;
				CLANG_WARN_CONSTANT_CONVERSION = YES;
				CLANG_WARN_DEPRECATED_OBJC_IMPLEMENTATIONS = YES;
				CLANG_WARN_DIRECT_OBJC_ISA_USAGE = YES_ERROR;
				CLANG_WARN_DOCUMENTATION_COMMENTS = YES;
				CLANG_WARN_EMPTY_BODY = YES;
				CLANG_WARN_ENUM_CONVERSION = YES;
				CLANG_WARN_INFINITE_RECURSION = YES;
				CLANG_WARN_INT_CONVERSION = YES;
				CLANG_WARN_NON_LITERAL_NULL_CONVERSION = YES;
				CLANG_WARN_OBJC_IMPLICIT_RETAIN_SELF = YES;
				CLANG_WARN_OBJC_LITERAL_CONVERSION = YES;
				CLANG_WARN_OBJC_ROOT_CLASS = YES_ERROR;
				CLANG_WARN_QUOTED_INCLUDE_IN_FRAMEWORK_HEADER = YES;
				CLANG_WARN_RANGE_LOOP_ANALYSIS = YES;
				CLANG_WARN_STRICT_PROTOTYPES = YES;
				CLANG_WARN_SUSPICIOUS_MOVE = YES;
				CLANG_WARN_UNGUARDED_AVAILABILITY = YES_AGGRESSIVE;
				CLANG_WARN_UNREACHABLE_CODE = YES;
				CLANG_WARN__DUPLICATE_METHOD_MATCH = YES;
				COPY_PHASE_STRIP = NO;
				DEAD_CODE_STRIPPING = YES;
				DEBUG_INFORMATION_FORMAT = "dwarf-with-dsym";
				DEVELOPMENT_TEAM = QQC6G8QVH5;
				ENABLE_NS_ASSERTIONS = NO;
				ENABLE_STRICT_OBJC_MSGSEND = YES;
				ENABLE_USER_SCRIPT_SANDBOXING = YES;
				GCC_C_LANGUAGE_STANDARD = gnu17;
				GCC_NO_COMMON_BLOCKS = YES;
				GCC_WARN_64_TO_32_BIT_CONVERSION = YES;
				GCC_WARN_ABOUT_RETURN_TYPE = YES_ERROR;
				GCC_WARN_UNDECLARED_SELECTOR = YES;
				GCC_WARN_UNINITIALIZED_AUTOS = YES_AGGRESSIVE;
				GCC_WARN_UNUSED_FUNCTION = YES;
				GCC_WARN_UNUSED_VARIABLE = YES;
				LOCALIZATION_PREFERS_STRING_CATALOGS = YES;
				MTL_ENABLE_DEBUG_INFO = NO;
				MTL_FAST_MATH = YES;
				SWIFT_COMPILATION_MODE = wholemodule;
			};
			name = Release;
		};
		63562C372DA15DB800137EFA /* Debug */ = {
			isa = XCBuildConfiguration;
			buildSettings = {
				ASSETCATALOG_COMPILER_APPICON_NAME = AppIcon;
				ASSETCATALOG_COMPILER_GLOBAL_ACCENT_COLOR_NAME = AccentColor;
				ASSETCATALOG_COMPILER_INCLUDE_ALL_APPICON_ASSETS = NO;
				CODE_SIGN_ENTITLEMENTS = "gym tracker Watch App/gym tracker Watch App.entitlements";
				CODE_SIGN_STYLE = Automatic;
				CURRENT_PROJECT_VERSION = 1;
				DEVELOPMENT_ASSET_PATHS = "\"gym tracker Watch App/Preview Content\"";
				ENABLE_PREVIEWS = YES;
				GENERATE_INFOPLIST_FILE = YES;
				INFOPLIST_FILE = "gym tracker Watch App/Info.plist";
				INFOPLIST_KEY_CFBundleDisplayName = "Workout Tracker";
				INFOPLIST_KEY_UISupportedInterfaceOrientations = "UIInterfaceOrientationPortrait UIInterfaceOrientationPortraitUpsideDown";
				INFOPLIST_KEY_WKWatchOnly = YES;
				LD_RUNPATH_SEARCH_PATHS = (
					"$(inherited)",
					"@executable_path/Frameworks",
				);
				MARKETING_VERSION = 1.0;
				NEW_SETTING = "";
				PRODUCT_BUNDLE_IDENTIFIER = "martin.gym-tracker.watchkitapp";
				PRODUCT_NAME = "$(TARGET_NAME)";
				SDKROOT = watchos;
				SKIP_INSTALL = YES;
				SWIFT_EMIT_LOC_STRINGS = YES;
				SWIFT_VERSION = 5.0;
				TARGETED_DEVICE_FAMILY = 4;
				WATCHOS_DEPLOYMENT_TARGET = 10.6;
			};
			name = Debug;
		};
		63562C382DA15DB800137EFA /* Release */ = {
			isa = XCBuildConfiguration;
			buildSettings = {
				ASSETCATALOG_COMPILER_APPICON_NAME = AppIcon;
				ASSETCATALOG_COMPILER_GLOBAL_ACCENT_COLOR_NAME = AccentColor;
				ASSETCATALOG_COMPILER_INCLUDE_ALL_APPICON_ASSETS = NO;
				CODE_SIGN_ENTITLEMENTS = "gym tracker Watch App/gym tracker Watch App.entitlements";
				CODE_SIGN_STYLE = Automatic;
				CURRENT_PROJECT_VERSION = 1;
				DEVELOPMENT_ASSET_PATHS = "\"gym tracker Watch App/Preview Content\"";
				ENABLE_PREVIEWS = YES;
				GENERATE_INFOPLIST_FILE = YES;
				INFOPLIST_FILE = "gym tracker Watch App/Info.plist";
				INFOPLIST_KEY_CFBundleDisplayName = "Workout Tracker";
				INFOPLIST_KEY_UISupportedInterfaceOrientations = "UIInterfaceOrientationPortrait UIInterfaceOrientationPortraitUpsideDown";
				INFOPLIST_KEY_WKWatchOnly = YES;
				LD_RUNPATH_SEARCH_PATHS = (
					"$(inherited)",
					"@executable_path/Frameworks",
				);
				MARKETING_VERSION = 1.0;
				NEW_SETTING = "";
				PRODUCT_BUNDLE_IDENTIFIER = "martin.gym-tracker.watchkitapp";
				PRODUCT_NAME = "$(TARGET_NAME)";
				SDKROOT = watchos;
				SKIP_INSTALL = YES;
				SWIFT_EMIT_LOC_STRINGS = YES;
				SWIFT_VERSION = 5.0;
				TARGETED_DEVICE_FAMILY = 4;
				VALIDATE_PRODUCT = YES;
				WATCHOS_DEPLOYMENT_TARGET = 10.6;
			};
			name = Release;
		};
		63562C3B2DA15DB800137EFA /* Debug */ = {
			isa = XCBuildConfiguration;
			buildSettings = {
				CODE_SIGN_STYLE = Automatic;
				CURRENT_PROJECT_VERSION = 1;
				INFOPLIST_KEY_CFBundleDisplayName = "gym tracker";
				MARKETING_VERSION = 1.0;
				PRODUCT_BUNDLE_IDENTIFIER = "martin.gym-tracker";
				PRODUCT_NAME = "$(TARGET_NAME)";
				SDKROOT = iphoneos;
				SWIFT_VERSION = 5.0;
			};
			name = Debug;
		};
		63562C3C2DA15DB800137EFA /* Release */ = {
			isa = XCBuildConfiguration;
			buildSettings = {
				CODE_SIGN_STYLE = Automatic;
				CURRENT_PROJECT_VERSION = 1;
				INFOPLIST_KEY_CFBundleDisplayName = "gym tracker";
				MARKETING_VERSION = 1.0;
				PRODUCT_BUNDLE_IDENTIFIER = "martin.gym-tracker";
				PRODUCT_NAME = "$(TARGET_NAME)";
				SDKROOT = iphoneos;
				SWIFT_VERSION = 5.0;
				VALIDATE_PRODUCT = YES;
			};
			name = Release;
		};
		63562C3E2DA15DB800137EFA /* Debug */ = {
			isa = XCBuildConfiguration;
			buildSettings = {
				BUNDLE_LOADER = "$(TEST_HOST)";
				CODE_SIGN_STYLE = Automatic;
				CURRENT_PROJECT_VERSION = 1;
				GENERATE_INFOPLIST_FILE = YES;
				MARKETING_VERSION = 1.0;
				PRODUCT_BUNDLE_IDENTIFIER = "martin.gym-tracker-Watch-AppTests";
				PRODUCT_NAME = "$(TARGET_NAME)";
				SDKROOT = watchos;
				SWIFT_EMIT_LOC_STRINGS = NO;
				SWIFT_VERSION = 5.0;
				TARGETED_DEVICE_FAMILY = 4;
				TEST_HOST = "$(BUILT_PRODUCTS_DIR)/gym tracker Watch App.app/$(BUNDLE_EXECUTABLE_FOLDER_PATH)/gym tracker Watch App";
				WATCHOS_DEPLOYMENT_TARGET = 10.6;
			};
			name = Debug;
		};
		63562C3F2DA15DB800137EFA /* Release */ = {
			isa = XCBuildConfiguration;
			buildSettings = {
				BUNDLE_LOADER = "$(TEST_HOST)";
				CODE_SIGN_STYLE = Automatic;
				CURRENT_PROJECT_VERSION = 1;
				GENERATE_INFOPLIST_FILE = YES;
				MARKETING_VERSION = 1.0;
				PRODUCT_BUNDLE_IDENTIFIER = "martin.gym-tracker-Watch-AppTests";
				PRODUCT_NAME = "$(TARGET_NAME)";
				SDKROOT = watchos;
				SWIFT_EMIT_LOC_STRINGS = NO;
				SWIFT_VERSION = 5.0;
				TARGETED_DEVICE_FAMILY = 4;
				TEST_HOST = "$(BUILT_PRODUCTS_DIR)/gym tracker Watch App.app/$(BUNDLE_EXECUTABLE_FOLDER_PATH)/gym tracker Watch App";
				VALIDATE_PRODUCT = YES;
				WATCHOS_DEPLOYMENT_TARGET = 10.6;
			};
			name = Release;
		};
		63562C412DA15DB800137EFA /* Debug */ = {
			isa = XCBuildConfiguration;
			buildSettings = {
				CODE_SIGN_STYLE = Automatic;
				CURRENT_PROJECT_VERSION = 1;
				GENERATE_INFOPLIST_FILE = YES;
				MARKETING_VERSION = 1.0;
				PRODUCT_BUNDLE_IDENTIFIER = "martin.gym-tracker-Watch-AppUITests";
				PRODUCT_NAME = "$(TARGET_NAME)";
				SDKROOT = watchos;
				SWIFT_EMIT_LOC_STRINGS = NO;
				SWIFT_VERSION = 5.0;
				TARGETED_DEVICE_FAMILY = 4;
				TEST_TARGET_NAME = "gym tracker Watch App";
				WATCHOS_DEPLOYMENT_TARGET = 10.6;
			};
			name = Debug;
		};
		63562C422DA15DB800137EFA /* Release */ = {
			isa = XCBuildConfiguration;
			buildSettings = {
				CODE_SIGN_STYLE = Automatic;
				CURRENT_PROJECT_VERSION = 1;
				GENERATE_INFOPLIST_FILE = YES;
				MARKETING_VERSION = 1.0;
				PRODUCT_BUNDLE_IDENTIFIER = "martin.gym-tracker-Watch-AppUITests";
				PRODUCT_NAME = "$(TARGET_NAME)";
				SDKROOT = watchos;
				SWIFT_EMIT_LOC_STRINGS = NO;
				SWIFT_VERSION = 5.0;
				TARGETED_DEVICE_FAMILY = 4;
				TEST_TARGET_NAME = "gym tracker Watch App";
				VALIDATE_PRODUCT = YES;
				WATCHOS_DEPLOYMENT_TARGET = 10.6;
			};
			name = Release;
		};
/* End XCBuildConfiguration section */

/* Begin XCConfigurationList section */
		63562C072DA15DB600137EFA /* Build configuration list for PBXProject "gym tracker" */ = {
			isa = XCConfigurationList;
			buildConfigurations = (
				63562C342DA15DB800137EFA /* Debug */,
				63562C352DA15DB800137EFA /* Release */,
			);
			defaultConfigurationIsVisible = 0;
			defaultConfigurationName = Release;
		};
		63562C362DA15DB800137EFA /* Build configuration list for PBXNativeTarget "gym tracker Watch App" */ = {
			isa = XCConfigurationList;
			buildConfigurations = (
				63562C372DA15DB800137EFA /* Debug */,
				63562C382DA15DB800137EFA /* Release */,
			);
			defaultConfigurationIsVisible = 0;
			defaultConfigurationName = Release;
		};
		63562C3A2DA15DB800137EFA /* Build configuration list for PBXNativeTarget "gym tracker" */ = {
			isa = XCConfigurationList;
			buildConfigurations = (
				63562C3B2DA15DB800137EFA /* Debug */,
				63562C3C2DA15DB800137EFA /* Release */,
			);
			defaultConfigurationIsVisible = 0;
			defaultConfigurationName = Release;
		};
		63562C3D2DA15DB800137EFA /* Build configuration list for PBXNativeTarget "gym tracker Watch AppTests" */ = {
			isa = XCConfigurationList;
			buildConfigurations = (
				63562C3E2DA15DB800137EFA /* Debug */,
				63562C3F2DA15DB800137EFA /* Release */,
			);
			defaultConfigurationIsVisible = 0;
			defaultConfigurationName = Release;
		};
		63562C402DA15DB800137EFA /* Build configuration list for PBXNativeTarget "gym tracker Watch AppUITests" */ = {
			isa = XCConfigurationList;
			buildConfigurations = (
				63562C412DA15DB800137EFA /* Debug */,
				63562C422DA15DB800137EFA /* Release */,
			);
			defaultConfigurationIsVisible = 0;
			defaultConfigurationName = Release;
		};
/* End XCConfigurationList section */

/* Begin XCRemoteSwiftPackageReference section */
		63E795992DA1F7EA00595310 /* XCRemoteSwiftPackageReference "apollo-ios" */ = {
			isa = XCRemoteSwiftPackageReference;
			repositoryURL = "https://github.com/apollographql/apollo-ios.git";
			requirement = {
				kind = upToNextMajorVersion;
				minimumVersion = 1.19.0;
			};
		};
/* End XCRemoteSwiftPackageReference section */

/* Begin XCSwiftPackageProductDependency section */
		63E7959A2DA1F7EA00595310 /* Apollo */ = {
			isa = XCSwiftPackageProductDependency;
			package = 63E795992DA1F7EA00595310 /* XCRemoteSwiftPackageReference "apollo-ios" */;
			productName = Apollo;
		};
		63E7959C2DA1F7EA00595310 /* ApolloWebSocket */ = {
			isa = XCSwiftPackageProductDependency;
			package = 63E795992DA1F7EA00595310 /* XCRemoteSwiftPackageReference "apollo-ios" */;
			productName = ApolloWebSocket;
		};
/* End XCSwiftPackageProductDependency section */
	};
	rootObject = 63562C042DA15DB600137EFA /* Project object */;
}
